
Microsoft Visual Studio Solution File, Format Version 12.00
# Visual Studio 2012
Project("{FAE04EC0-301F-11D3-BF4B-00C04F79EFBC}") = "MyOwin", "MyOwin\MyOwin.csproj", "{7BEDAEAF-598C-41D2-A72D-6F4F9DE26D1E}"
EndProject
Project("{FAE04EC0-301F-11D3-BF4B-00C04F79EFBC}") = "ClassLibrary1", "ClassLibrary1\ClassLibrary1.csproj", "{FC1509AF-B69F-4465-B06D-7C297F8142C5}"
EndProject
Project("{FAE04EC0-301F-11D3-BF4B-00C04F79EFBC}") = "NhostDB", "NhostDB\NhostDB.csproj", "{2AA67F43-E7E5-4ACD-8C88-97650DD5B694}"
EndProject
Project("{FAE04EC0-301F-11D3-BF4B-00C04F79EFBC}") = "Sony.S2.MOS.MOSGWConsole", "Sony.S2.MOS.MOSGWConsole\Sony.S2.MOS.MOSGWConsole.csproj", "{99005B85-06D3-4DDF-B752-4702CEA069C6}"
EndProject
Project("{FAE04EC0-301F-11D3-BF4B-00C04F79EFBC}") = "TcpClientTest", "TcpClientTest\TcpClientTest.csproj", "{A93D615F-0B78-49C1-AE64-87C01C67BB83}"
EndProject
Project("{FAE04EC0-301F-11D3-BF4B-00C04F79EFBC}") = "myWebClient", "myWebClient\myWebClient.csproj", "{B153562C-F95D-4870-8DEF-8BB3BBB53931}"
EndProject
Project("{FAE04EC0-301F-11D3-BF4B-00C04F79EFBC}") = "Sony.S2.MOS.MOSGWService", "Sony.S2.MOS.MOSGWService\Sony.S2.MOS.MOSGWService.csproj", "{A0256066-9813-4F4B-9A5D-9FC04361E1B7}"
EndProject
Project("{FAE04EC0-301F-11D3-BF4B-00C04F79EFBC}") = "ClassLibrary2", "ClassLibrary2\ClassLibrary2.csproj", "{E43185D6-56B5-4A44-A091-2CE8D025C1CC}"
EndProject
Project("{FAE04EC0-301F-11D3-BF4B-00C04F79EFBC}") = "PlayoutDb", "PlayoutDb\PlayoutDb.csproj", "{6EB777D5-5AE0-4876-963A-AFA74AD121A7}"
EndProject
Project("{FAE04EC0-301F-11D3-BF4B-00C04F79EFBC}") = "ConsoleApplication1", "ConsoleApplication1\ConsoleApplication1.csproj", "{1236113B-A213-4B4F-95B5-C06ED2BFB2D3}"
EndProject
Project("{FAE04EC0-301F-11D3-BF4B-00C04F79EFBC}") = "WindowsFormsApplication1", "WindowsFormsApplication1\WindowsFormsApplication1.csproj", "{AF6ACCDD-5DBF-4C2C-8603-0AF844F55D1B}"
EndProject
Project("{FAE04EC0-301F-11D3-BF4B-00C04F79EFBC}") = "ConsoleApplication2", "ConsoleApplication2\ConsoleApplication2.csproj", "{D17EFA01-E309-40E9-82C6-AADABE954952}"
EndProject
Project("{FAE04EC0-301F-11D3-BF4B-00C04F79EFBC}") = "ConsoleApplication3", "ConsoleApplication3\ConsoleApplication3.csproj", "{0557E612-287A-4CBD-9F6D-CD9CC53C5FD4}"
EndProject
Project("{FAE04EC0-301F-11D3-BF4B-00C04F79EFBC}") = "Bank", "Bank\Bank.csproj", "{571E8485-437B-4240-88DF-ADC0792F0623}"
EndProject
Global
	GlobalSection(SubversionScc) = preSolution
		Svn-Managed = True
		Manager = AnkhSVN - Subversion Support for Visual Studio
	EndGlobalSection
	GlobalSection(SolutionConfigurationPlatforms) = preSolution
		Debug|Any CPU = Debug|Any CPU
		Release|Any CPU = Release|Any CPU
	EndGlobalSection
	GlobalSection(ProjectConfigurationPlatforms) = postSolution
		{7BEDAEAF-598C-41D2-A72D-6F4F9DE26D1E}.Debug|Any CPU.ActiveCfg = Debug|Any CPU
		{7BEDAEAF-598C-41D2-A72D-6F4F9DE26D1E}.Debug|Any CPU.Build.0 = Debug|Any CPU
		{7BEDAEAF-598C-41D2-A72D-6F4F9DE26D1E}.Release|Any CPU.ActiveCfg = Release|Any CPU
		{7BEDAEAF-598C-41D2-A72D-6F4F9DE26D1E}.Release|Any CPU.Build.0 = Release|Any CPU
		{FC1509AF-B69F-4465-B06D-7C297F8142C5}.Debug|Any CPU.ActiveCfg = Debug|Any CPU
		{FC1509AF-B69F-4465-B06D-7C297F8142C5}.Debug|Any CPU.Build.0 = Debug|Any CPU
		{FC1509AF-B69F-4465-B06D-7C297F8142C5}.Release|Any CPU.ActiveCfg = Release|Any CPU
		{FC1509AF-B69F-4465-B06D-7C297F8142C5}.Release|Any CPU.Build.0 = Release|Any CPU
		{2AA67F43-E7E5-4ACD-8C88-97650DD5B694}.Debug|Any CPU.ActiveCfg = Debug|Any CPU
		{2AA67F43-E7E5-4ACD-8C88-97650DD5B694}.Debug|Any CPU.Build.0 = Debug|Any CPU
		{2AA67F43-E7E5-4ACD-8C88-97650DD5B694}.Release|Any CPU.ActiveCfg = Release|Any CPU
		{2AA67F43-E7E5-4ACD-8C88-97650DD5B694}.Release|Any CPU.Build.0 = Release|Any CPU
		{99005B85-06D3-4DDF-B752-4702CEA069C6}.Debug|Any CPU.ActiveCfg = Debug|Any CPU
		{99005B85-06D3-4DDF-B752-4702CEA069C6}.Debug|Any CPU.Build.0 = Debug|Any CPU
		{99005B85-06D3-4DDF-B752-4702CEA069C6}.Release|Any CPU.ActiveCfg = Release|Any CPU
		{99005B85-06D3-4DDF-B752-4702CEA069C6}.Release|Any CPU.Build.0 = Release|Any CPU
		{A93D615F-0B78-49C1-AE64-87C01C67BB83}.Debug|Any CPU.ActiveCfg = Debug|Any CPU
		{A93D615F-0B78-49C1-AE64-87C01C67BB83}.Debug|Any CPU.Build.0 = Debug|Any CPU
		{A93D615F-0B78-49C1-AE64-87C01C67BB83}.Release|Any CPU.ActiveCfg = Release|Any CPU
		{A93D615F-0B78-49C1-AE64-87C01C67BB83}.Release|Any CPU.Build.0 = Release|Any CPU
		{B153562C-F95D-4870-8DEF-8BB3BBB53931}.Debug|Any CPU.ActiveCfg = Debug|Any CPU
		{B153562C-F95D-4870-8DEF-8BB3BBB53931}.Debug|Any CPU.Build.0 = Debug|Any CPU
		{B153562C-F95D-4870-8DEF-8BB3BBB53931}.Release|Any CPU.ActiveCfg = Release|Any CPU
		{B153562C-F95D-4870-8DEF-8BB3BBB53931}.Release|Any CPU.Build.0 = Release|Any CPU
		{A0256066-9813-4F4B-9A5D-9FC04361E1B7}.Debug|Any CPU.ActiveCfg = Debug|Any CPU
		{A0256066-9813-4F4B-9A5D-9FC04361E1B7}.Debug|Any CPU.Build.0 = Debug|Any CPU
		{A0256066-9813-4F4B-9A5D-9FC04361E1B7}.Release|Any CPU.ActiveCfg = Release|Any CPU
		{A0256066-9813-4F4B-9A5D-9FC04361E1B7}.Release|Any CPU.Build.0 = Release|Any CPU
		{E43185D6-56B5-4A44-A091-2CE8D025C1CC}.Debug|Any CPU.ActiveCfg = Debug|Any CPU
		{E43185D6-56B5-4A44-A091-2CE8D025C1CC}.Debug|Any CPU.Build.0 = Debug|Any CPU
		{E43185D6-56B5-4A44-A091-2CE8D025C1CC}.Release|Any CPU.ActiveCfg = Release|Any CPU
		{E43185D6-56B5-4A44-A091-2CE8D025C1CC}.Release|Any CPU.Build.0 = Release|Any CPU
		{6EB777D5-5AE0-4876-963A-AFA74AD121A7}.Debug|Any CPU.ActiveCfg = Debug|Any CPU
		{6EB777D5-5AE0-4876-963A-AFA74AD121A7}.Debug|Any CPU.Build.0 = Debug|Any CPU
		{6EB777D5-5AE0-4876-963A-AFA74AD121A7}.Release|Any CPU.ActiveCfg = Release|Any CPU
		{6EB777D5-5AE0-4876-963A-AFA74AD121A7}.Release|Any CPU.Build.0 = Release|Any CPU
		{1236113B-A213-4B4F-95B5-C06ED2BFB2D3}.Debug|Any CPU.ActiveCfg = Debug|Any CPU
		{1236113B-A213-4B4F-95B5-C06ED2BFB2D3}.Debug|Any CPU.Build.0 = Debug|Any CPU
		{1236113B-A213-4B4F-95B5-C06ED2BFB2D3}.Release|Any CPU.ActiveCfg = Release|Any CPU
		{1236113B-A213-4B4F-95B5-C06ED2BFB2D3}.Release|Any CPU.Build.0 = Release|Any CPU
		{AF6ACCDD-5DBF-4C2C-8603-0AF844F55D1B}.Debug|Any CPU.ActiveCfg = Debug|Any CPU
		{AF6ACCDD-5DBF-4C2C-8603-0AF844F55D1B}.Debug|Any CPU.Build.0 = Debug|Any CPU
		{AF6ACCDD-5DBF-4C2C-8603-0AF844F55D1B}.Release|Any CPU.ActiveCfg = Release|Any CPU
		{AF6ACCDD-5DBF-4C2C-8603-0AF844F55D1B}.Release|Any CPU.Build.0 = Release|Any CPU
		{D17EFA01-E309-40E9-82C6-AADABE954952}.Debug|Any CPU.ActiveCfg = Debug|Any CPU
		{D17EFA01-E309-40E9-82C6-AADABE954952}.Debug|Any CPU.Build.0 = Debug|Any CPU
		{D17EFA01-E309-40E9-82C6-AADABE954952}.Release|Any CPU.ActiveCfg = Release|Any CPU
		{D17EFA01-E309-40E9-82C6-AADABE954952}.Release|Any CPU.Build.0 = Release|Any CPU
		{0557E612-287A-4CBD-9F6D-CD9CC53C5FD4}.Debug|Any CPU.ActiveCfg = Debug|Any CPU
		{0557E612-287A-4CBD-9F6D-CD9CC53C5FD4}.Debug|Any CPU.Build.0 = Debug|Any CPU
		{0557E612-287A-4CBD-9F6D-CD9CC53C5FD4}.Release|Any CPU.ActiveCfg = Release|Any CPU
		{0557E612-287A-4CBD-9F6D-CD9CC53C5FD4}.Release|Any CPU.Build.0 = Release|Any CPU
		{571E8485-437B-4240-88DF-ADC0792F0623}.Debug|Any CPU.ActiveCfg = Debug|Any CPU
		{571E8485-437B-4240-88DF-ADC0792F0623}.Debug|Any CPU.Build.0 = Debug|Any CPU
		{571E8485-437B-4240-88DF-ADC0792F0623}.Release|Any CPU.ActiveCfg = Release|Any CPU
		{571E8485-437B-4240-88DF-ADC0792F0623}.Release|Any CPU.Build.0 = Release|Any CPU
	EndGlobalSection
	GlobalSection(SolutionProperties) = preSolution
		HideSolutionNode = FALSE
	EndGlobalSection
EndGlobal
