
Microsoft Visual Studio Solution File, Format Version 12.00
# Visual Studio 2012
Project("{FAE04EC0-301F-11D3-BF4B-00C04F79EFBC}") = "TcpClientTest", "TcpClientTest\TcpClientTest.csproj", "{2EA1F59D-FDE3-46FC-AE26-3B1653EB214B}"
EndProject
Project("{FAE04EC0-301F-11D3-BF4B-00C04F79EFBC}") = "OracleClientTest", "OracleClientTest\OracleClientTest.csproj", "{B0362658-C16E-4C6A-BB96-02B5797BB4A5}"
EndProject
Project("{FAE04EC0-301F-11D3-BF4B-00C04F79EFBC}") = "XmlParer", "XmlParer\XmlParer.csproj", "{86DE4C1C-2E93-462E-A1B7-75D90BF6F3B9}"
EndProject
Global
	GlobalSection(SolutionConfigurationPlatforms) = preSolution
		Debug|Any CPU = Debug|Any CPU
		Release|Any CPU = Release|Any CPU
	EndGlobalSection
	GlobalSection(ProjectConfigurationPlatforms) = postSolution
		{2EA1F59D-FDE3-46FC-AE26-3B1653EB214B}.Debug|Any CPU.ActiveCfg = Debug|Any CPU
		{2EA1F59D-FDE3-46FC-AE26-3B1653EB214B}.Debug|Any CPU.Build.0 = Debug|Any CPU
		{2EA1F59D-FDE3-46FC-AE26-3B1653EB214B}.Release|Any CPU.ActiveCfg = Release|Any CPU
		{2EA1F59D-FDE3-46FC-AE26-3B1653EB214B}.Release|Any CPU.Build.0 = Release|Any CPU
		{B0362658-C16E-4C6A-BB96-02B5797BB4A5}.Debug|Any CPU.ActiveCfg = Debug|Any CPU
		{B0362658-C16E-4C6A-BB96-02B5797BB4A5}.Debug|Any CPU.Build.0 = Debug|Any CPU
		{B0362658-C16E-4C6A-BB96-02B5797BB4A5}.Release|Any CPU.ActiveCfg = Release|Any CPU
		{B0362658-C16E-4C6A-BB96-02B5797BB4A5}.Release|Any CPU.Build.0 = Release|Any CPU
		{86DE4C1C-2E93-462E-A1B7-75D90BF6F3B9}.Debug|Any CPU.ActiveCfg = Debug|Any CPU
		{86DE4C1C-2E93-462E-A1B7-75D90BF6F3B9}.Debug|Any CPU.Build.0 = Debug|Any CPU
		{86DE4C1C-2E93-462E-A1B7-75D90BF6F3B9}.Release|Any CPU.ActiveCfg = Release|Any CPU
		{86DE4C1C-2E93-462E-A1B7-75D90BF6F3B9}.Release|Any CPU.Build.0 = Release|Any CPU
	EndGlobalSection
	GlobalSection(SolutionProperties) = preSolution
		HideSolutionNode = FALSE
	EndGlobalSection
EndGlobal
